{
  "originHash" : "bac201525019256c88874c555cac977a84bce1fe612c0b8fa975ba82b982a018",
  "pins" : [
    {
      "identity" : "ios-maps-sdk",
      "kind" : "remoteSourceControl",
      "location" : "https://github.com/googlemaps/ios-maps-sdk",
      "state" : {
        "revision" : "9fa352d6eca4a731949efcdb27ed851f1fcd4447",
        "version" : "9.3.0"
      }
    }
  ],
  "version" : 3
}
